<?xml version="1.0" encoding="utf-8"?>
<Project ToolsVersion="4.0" xmlns="http://schemas.microsoft.com/developer/msbuild/2003">
  <ItemGroup>
    <Filter Include="Source Files">
      <UniqueIdentifier>{4FC737F1-C7A5-4376-A066-2A32D752A2FF}</UniqueIdentifier>
      <Extensions>cpp;c;cc;cxx;def;odl;idl;hpj;bat;asm;asmx</Extensions>
    </Filter>
    <Filter Include="Header Files">
      <UniqueIdentifier>{93995380-89BD-4b04-88EB-625FBE52EBFB}</UniqueIdentifier>
      <Extensions>h;hh;hpp;hxx;hm;inl;inc;xsd</Extensions>
    </Filter>
    <Filter Include="Resource Files">
      <UniqueIdentifier>{67DA6AB6-F800-4c08-8B7A-83BB121AAD01}</UniqueIdentifier>
      <Extensions>rc;ico;cur;bmp;dlg;rc2;rct;bin;rgs;gif;jpg;jpeg;jpe;resx;tiff;tif;png;wav</Extensions>
    </Filter>
  </ItemGroup>
  <ItemGroup>
    <None Include="cpp.hint" />
  </ItemGroup>
  <ItemGroup>
    <ClCompile Include="src\Bulk.cpp">
      <Filter>Source Files</Filter>
    </ClCompile>
    <ClCompile Include="src\BulkConn.cpp">
      <Filter>Source Files</Filter>
    </ClCompile>
    <ClCompile Include="src\FlowUnit.cpp">
      <Filter>Source Files</Filter>
    </ClCompile>
    <ClCompile Include="src\Grid.cpp">
      <Filter>Source Files</Filter>
    </ClCompile>
    <ClCompile Include="src\MixtureBO.cpp">
      <Filter>Source Files</Filter>
    </ClCompile>
    <ClCompile Include="src\MixtureBO3.cpp">
      <Filter>Source Files</Filter>
    </ClCompile>
    <ClCompile Include="src\OCP.cpp">
      <Filter>Source Files</Filter>
    </ClCompile>
    <ClCompile Include="src\OCPControl.cpp">
      <Filter>Source Files</Filter>
    </ClCompile>
    <ClCompile Include="src\OCPOutput.cpp">
      <Filter>Source Files</Filter>
    </ClCompile>
    <ClCompile Include="src\ParamControl.cpp">
      <Filter>Source Files</Filter>
    </ClCompile>
    <ClCompile Include="src\ParamOutput.cpp">
      <Filter>Source Files</Filter>
    </ClCompile>
    <ClCompile Include="src\ParamRead.cpp">
      <Filter>Source Files</Filter>
    </ClCompile>
    <ClCompile Include="src\ParamReservoir.cpp">
      <Filter>Source Files</Filter>
    </ClCompile>
    <ClCompile Include="src\ParamWell.cpp">
      <Filter>Source Files</Filter>
    </ClCompile>
    <ClCompile Include="src\Reservoir.cpp">
      <Filter>Source Files</Filter>
    </ClCompile>
    <ClCompile Include="src\UtilInput.cpp">
      <Filter>Source Files</Filter>
    </ClCompile>
    <ClCompile Include="src\UtilTiming.cpp">
      <Filter>Source Files</Filter>
    </ClCompile>
    <ClCompile Include="src\Well.cpp">
      <Filter>Source Files</Filter>
    </ClCompile>
    <ClCompile Include="src\WellGroup.cpp">
      <Filter>Source Files</Filter>
    </ClCompile>
    <ClCompile Include="main\Main.cpp">
      <Filter>Source Files</Filter>
    </ClCompile>
    <ClCompile Include="src\LinearSolver.cpp">
      <Filter>Source Files</Filter>
    </ClCompile>
    <ClCompile Include="src\OCPTable.cpp">
      <Filter>Source Files</Filter>
    </ClCompile>
    <ClCompile Include="src\FluidSolver.cpp">
      <Filter>Source Files</Filter>
    </ClCompile>
    <ClCompile Include="src\Solver.cpp">
      <Filter>Source Files</Filter>
    </ClCompile>
    <ClCompile Include="src\DenseMat.cpp">
      <Filter>Source Files</Filter>
    </ClCompile>
  </ItemGroup>
  <ItemGroup>
    <ClInclude Include="include\Bulk.hpp">
      <Filter>Header Files</Filter>
    </ClInclude>
    <ClInclude Include="include\BulkConn.hpp">
      <Filter>Header Files</Filter>
    </ClInclude>
    <ClInclude Include="include\Doxygen.hpp">
      <Filter>Header Files</Filter>
    </ClInclude>
    <ClInclude Include="include\FlowUnit.hpp">
      <Filter>Header Files</Filter>
    </ClInclude>
    <ClInclude Include="include\Grid.hpp">
      <Filter>Header Files</Filter>
    </ClInclude>
    <ClInclude Include="include\LinearSolver.hpp">
      <Filter>Header Files</Filter>
    </ClInclude>
    <ClInclude Include="include\LinearSystem.hpp">
      <Filter>Header Files</Filter>
    </ClInclude>
    <ClInclude Include="include\Mixture.hpp">
      <Filter>Header Files</Filter>
    </ClInclude>
    <ClInclude Include="include\MixtureBO.hpp">
      <Filter>Header Files</Filter>
    </ClInclude>
    <ClInclude Include="include\OCP.hpp">
      <Filter>Header Files</Filter>
    </ClInclude>
    <ClInclude Include="include\OCPConst.hpp">
      <Filter>Header Files</Filter>
    </ClInclude>
    <ClInclude Include="include\OCPControl.hpp">
      <Filter>Header Files</Filter>
    </ClInclude>
    <ClInclude Include="include\OCPOutput.hpp">
      <Filter>Header Files</Filter>
    </ClInclude>
    <ClInclude Include="include\OCPTable.hpp">
      <Filter>Header Files</Filter>
    </ClInclude>
    <ClInclude Include="include\ParamControl.hpp">
      <Filter>Header Files</Filter>
    </ClInclude>
    <ClInclude Include="include\ParamOutput.hpp">
      <Filter>Header Files</Filter>
    </ClInclude>
    <ClInclude Include="include\ParamRead.hpp">
      <Filter>Header Files</Filter>
    </ClInclude>
    <ClInclude Include="include\ParamReservoir.hpp">
      <Filter>Header Files</Filter>
    </ClInclude>
    <ClInclude Include="include\ParamWell.hpp">
      <Filter>Header Files</Filter>
    </ClInclude>
    <ClInclude Include="include\Reservoir.hpp">
      <Filter>Header Files</Filter>
    </ClInclude>
    <ClInclude Include="include\UtilError.hpp">
      <Filter>Header Files</Filter>
    </ClInclude>
    <ClInclude Include="include\UtilInput.hpp">
      <Filter>Header Files</Filter>
    </ClInclude>
    <ClInclude Include="include\UtilTiming.hpp">
      <Filter>Header Files</Filter>
    </ClInclude>
    <ClInclude Include="include\Well.hpp">
      <Filter>Header Files</Filter>
    </ClInclude>
    <ClInclude Include="include\WellGroup.hpp">
      <Filter>Header Files</Filter>
    </ClInclude>
    <ClInclude Include="include\WellPerf.hpp">
      <Filter>Header Files</Filter>
    </ClInclude>
    <ClInclude Include="include\Solver.hpp">
      <Filter>Header Files</Filter>
    </ClInclude>
    <ClInclude Include="include\FluidSolver.hpp">
      <Filter>Header Files</Filter>
    </ClInclude>
    <ClInclude Include="include\DenseMat.hpp">
      <Filter>Header Files</Filter>
    </ClInclude>
  </ItemGroup>
</Project>